
Microsoft Visual Studio Solution File, Format Version 12.00
# Visual Studio Version 16
Project("{8BC9CEB8-8B4A-11D0-8D11-00A0C91BC942}") = "ALL_BUILD", "ALL_BUILD.vcxproj", "{6439BA88-5657-3C78-9CA2-3C991991928A}"
	ProjectSection(ProjectDependencies) = postProject
		{8796795C-15C8-3882-AE54-FEA4BF3A8049} = {8796795C-15C8-3882-AE54-FEA4BF3A8049}
		{181D88BB-E5D7-3CB3-B31A-3D6393E1FED2} = {181D88BB-E5D7-3CB3-B31A-3D6393E1FED2}
		{18DF0F43-1E51-3635-A4A9-563D87A87BFD} = {18DF0F43-1E51-3635-A4A9-563D87A87BFD}
		{CBD11ADC-32E7-3626-A3ED-76ED971435F9} = {CBD11ADC-32E7-3626-A3ED-76ED971435F9}
		{65F25917-4D51-30DE-B908-462326FF5DF1} = {65F25917-4D51-30DE-B908-462326FF5DF1}
		{3438F01A-C038-3FD8-8165-544C6544911B} = {3438F01A-C038-3FD8-8165-544C6544911B}
		{13C86107-B6F1-36D4-87D6-0249646341E3} = {13C86107-B6F1-36D4-87D6-0249646341E3}
	EndProjectSection
EndProject
Project("{8BC9CEB8-8B4A-11D0-8D11-00A0C91BC942}") = "INSTALL", "INSTALL.vcxproj", "{D491E272-457F-33C7-9D66-8B395217BC9F}"
	ProjectSection(ProjectDependencies) = postProject
		{6439BA88-5657-3C78-9CA2-3C991991928A} = {6439BA88-5657-3C78-9CA2-3C991991928A}
		{8796795C-15C8-3882-AE54-FEA4BF3A8049} = {8796795C-15C8-3882-AE54-FEA4BF3A8049}
	EndProjectSection
EndProject
Project("{8BC9CEB8-8B4A-11D0-8D11-00A0C91BC942}") = "RUN_TESTS", "RUN_TESTS.vcxproj", "{98F4F72F-2344-363E-AA8A-74ACCBB47066}"
	ProjectSection(ProjectDependencies) = postProject
		{8796795C-15C8-3882-AE54-FEA4BF3A8049} = {8796795C-15C8-3882-AE54-FEA4BF3A8049}
	EndProjectSection
EndProject
Project("{8BC9CEB8-8B4A-11D0-8D11-00A0C91BC942}") = "ZERO_CHECK", "ZERO_CHECK.vcxproj", "{8796795C-15C8-3882-AE54-FEA4BF3A8049}"
	ProjectSection(ProjectDependencies) = postProject
	EndProjectSection
EndProject
Project("{8BC9CEB8-8B4A-11D0-8D11-00A0C91BC942}") = "common", "common\common.vcxproj", "{181D88BB-E5D7-3CB3-B31A-3D6393E1FED2}"
	ProjectSection(ProjectDependencies) = postProject
		{8796795C-15C8-3882-AE54-FEA4BF3A8049} = {8796795C-15C8-3882-AE54-FEA4BF3A8049}
	EndProjectSection
EndProject
Project("{8BC9CEB8-8B4A-11D0-8D11-00A0C91BC942}") = "fs", "fs\fs.vcxproj", "{18DF0F43-1E51-3635-A4A9-563D87A87BFD}"
	ProjectSection(ProjectDependencies) = postProject
		{8796795C-15C8-3882-AE54-FEA4BF3A8049} = {8796795C-15C8-3882-AE54-FEA4BF3A8049}
		{181D88BB-E5D7-3CB3-B31A-3D6393E1FED2} = {181D88BB-E5D7-3CB3-B31A-3D6393E1FED2}
		{65F25917-4D51-30DE-B908-462326FF5DF1} = {65F25917-4D51-30DE-B908-462326FF5DF1}
		{13C86107-B6F1-36D4-87D6-0249646341E3} = {13C86107-B6F1-36D4-87D6-0249646341E3}
	EndProjectSection
EndProject
Project("{8BC9CEB8-8B4A-11D0-8D11-00A0C91BC942}") = "integration_test", "test\integration_test.vcxproj", "{CBD11ADC-32E7-3626-A3ED-76ED971435F9}"
	ProjectSection(ProjectDependencies) = postProject
		{8796795C-15C8-3882-AE54-FEA4BF3A8049} = {8796795C-15C8-3882-AE54-FEA4BF3A8049}
		{181D88BB-E5D7-3CB3-B31A-3D6393E1FED2} = {181D88BB-E5D7-3CB3-B31A-3D6393E1FED2}
		{18DF0F43-1E51-3635-A4A9-563D87A87BFD} = {18DF0F43-1E51-3635-A4A9-563D87A87BFD}
		{65F25917-4D51-30DE-B908-462326FF5DF1} = {65F25917-4D51-30DE-B908-462326FF5DF1}
		{13C86107-B6F1-36D4-87D6-0249646341E3} = {13C86107-B6F1-36D4-87D6-0249646341E3}
	EndProjectSection
EndProject
Project("{8BC9CEB8-8B4A-11D0-8D11-00A0C91BC942}") = "journal", "journal\journal.vcxproj", "{65F25917-4D51-30DE-B908-462326FF5DF1}"
	ProjectSection(ProjectDependencies) = postProject
		{8796795C-15C8-3882-AE54-FEA4BF3A8049} = {8796795C-15C8-3882-AE54-FEA4BF3A8049}
		{181D88BB-E5D7-3CB3-B31A-3D6393E1FED2} = {181D88BB-E5D7-3CB3-B31A-3D6393E1FED2}
		{13C86107-B6F1-36D4-87D6-0249646341E3} = {13C86107-B6F1-36D4-87D6-0249646341E3}
	EndProjectSection
EndProject
Project("{8BC9CEB8-8B4A-11D0-8D11-00A0C91BC942}") = "mtfs_cli", "cli\mtfs_cli.vcxproj", "{3438F01A-C038-3FD8-8165-544C6544911B}"
	ProjectSection(ProjectDependencies) = postProject
		{8796795C-15C8-3882-AE54-FEA4BF3A8049} = {8796795C-15C8-3882-AE54-FEA4BF3A8049}
		{181D88BB-E5D7-3CB3-B31A-3D6393E1FED2} = {181D88BB-E5D7-3CB3-B31A-3D6393E1FED2}
		{18DF0F43-1E51-3635-A4A9-563D87A87BFD} = {18DF0F43-1E51-3635-A4A9-563D87A87BFD}
		{65F25917-4D51-30DE-B908-462326FF5DF1} = {65F25917-4D51-30DE-B908-462326FF5DF1}
		{13C86107-B6F1-36D4-87D6-0249646341E3} = {13C86107-B6F1-36D4-87D6-0249646341E3}
	EndProjectSection
EndProject
Project("{8BC9CEB8-8B4A-11D0-8D11-00A0C91BC942}") = "storage", "storage\storage.vcxproj", "{13C86107-B6F1-36D4-87D6-0249646341E3}"
	ProjectSection(ProjectDependencies) = postProject
		{8796795C-15C8-3882-AE54-FEA4BF3A8049} = {8796795C-15C8-3882-AE54-FEA4BF3A8049}
		{181D88BB-E5D7-3CB3-B31A-3D6393E1FED2} = {181D88BB-E5D7-3CB3-B31A-3D6393E1FED2}
	EndProjectSection
EndProject
Global
	GlobalSection(SolutionConfigurationPlatforms) = preSolution
		Debug|x64 = Debug|x64
		Release|x64 = Release|x64
		MinSizeRel|x64 = MinSizeRel|x64
		RelWithDebInfo|x64 = RelWithDebInfo|x64
	EndGlobalSection
	GlobalSection(ProjectConfigurationPlatforms) = postSolution
		{6439BA88-5657-3C78-9CA2-3C991991928A}.Debug|x64.ActiveCfg = Debug|x64
		{6439BA88-5657-3C78-9CA2-3C991991928A}.Debug|x64.Build.0 = Debug|x64
		{6439BA88-5657-3C78-9CA2-3C991991928A}.Release|x64.ActiveCfg = Release|x64
		{6439BA88-5657-3C78-9CA2-3C991991928A}.Release|x64.Build.0 = Release|x64
		{6439BA88-5657-3C78-9CA2-3C991991928A}.MinSizeRel|x64.ActiveCfg = MinSizeRel|x64
		{6439BA88-5657-3C78-9CA2-3C991991928A}.MinSizeRel|x64.Build.0 = MinSizeRel|x64
		{6439BA88-5657-3C78-9CA2-3C991991928A}.RelWithDebInfo|x64.ActiveCfg = RelWithDebInfo|x64
		{6439BA88-5657-3C78-9CA2-3C991991928A}.RelWithDebInfo|x64.Build.0 = RelWithDebInfo|x64
		{D491E272-457F-33C7-9D66-8B395217BC9F}.Debug|x64.ActiveCfg = Debug|x64
		{D491E272-457F-33C7-9D66-8B395217BC9F}.Release|x64.ActiveCfg = Release|x64
		{D491E272-457F-33C7-9D66-8B395217BC9F}.MinSizeRel|x64.ActiveCfg = MinSizeRel|x64
		{D491E272-457F-33C7-9D66-8B395217BC9F}.RelWithDebInfo|x64.ActiveCfg = RelWithDebInfo|x64
		{98F4F72F-2344-363E-AA8A-74ACCBB47066}.Debug|x64.ActiveCfg = Debug|x64
		{98F4F72F-2344-363E-AA8A-74ACCBB47066}.Release|x64.ActiveCfg = Release|x64
		{98F4F72F-2344-363E-AA8A-74ACCBB47066}.MinSizeRel|x64.ActiveCfg = MinSizeRel|x64
		{98F4F72F-2344-363E-AA8A-74ACCBB47066}.RelWithDebInfo|x64.ActiveCfg = RelWithDebInfo|x64
		{8796795C-15C8-3882-AE54-FEA4BF3A8049}.Debug|x64.ActiveCfg = Debug|x64
		{8796795C-15C8-3882-AE54-FEA4BF3A8049}.Debug|x64.Build.0 = Debug|x64
		{8796795C-15C8-3882-AE54-FEA4BF3A8049}.Release|x64.ActiveCfg = Release|x64
		{8796795C-15C8-3882-AE54-FEA4BF3A8049}.Release|x64.Build.0 = Release|x64
		{8796795C-15C8-3882-AE54-FEA4BF3A8049}.MinSizeRel|x64.ActiveCfg = MinSizeRel|x64
		{8796795C-15C8-3882-AE54-FEA4BF3A8049}.MinSizeRel|x64.Build.0 = MinSizeRel|x64
		{8796795C-15C8-3882-AE54-FEA4BF3A8049}.RelWithDebInfo|x64.ActiveCfg = RelWithDebInfo|x64
		{8796795C-15C8-3882-AE54-FEA4BF3A8049}.RelWithDebInfo|x64.Build.0 = RelWithDebInfo|x64
		{181D88BB-E5D7-3CB3-B31A-3D6393E1FED2}.Debug|x64.ActiveCfg = Debug|x64
		{181D88BB-E5D7-3CB3-B31A-3D6393E1FED2}.Debug|x64.Build.0 = Debug|x64
		{181D88BB-E5D7-3CB3-B31A-3D6393E1FED2}.Release|x64.ActiveCfg = Release|x64
		{181D88BB-E5D7-3CB3-B31A-3D6393E1FED2}.Release|x64.Build.0 = Release|x64
		{181D88BB-E5D7-3CB3-B31A-3D6393E1FED2}.MinSizeRel|x64.ActiveCfg = MinSizeRel|x64
		{181D88BB-E5D7-3CB3-B31A-3D6393E1FED2}.MinSizeRel|x64.Build.0 = MinSizeRel|x64
		{181D88BB-E5D7-3CB3-B31A-3D6393E1FED2}.RelWithDebInfo|x64.ActiveCfg = RelWithDebInfo|x64
		{181D88BB-E5D7-3CB3-B31A-3D6393E1FED2}.RelWithDebInfo|x64.Build.0 = RelWithDebInfo|x64
		{18DF0F43-1E51-3635-A4A9-563D87A87BFD}.Debug|x64.ActiveCfg = Debug|x64
		{18DF0F43-1E51-3635-A4A9-563D87A87BFD}.Debug|x64.Build.0 = Debug|x64
		{18DF0F43-1E51-3635-A4A9-563D87A87BFD}.Release|x64.ActiveCfg = Release|x64
		{18DF0F43-1E51-3635-A4A9-563D87A87BFD}.Release|x64.Build.0 = Release|x64
		{18DF0F43-1E51-3635-A4A9-563D87A87BFD}.MinSizeRel|x64.ActiveCfg = MinSizeRel|x64
		{18DF0F43-1E51-3635-A4A9-563D87A87BFD}.MinSizeRel|x64.Build.0 = MinSizeRel|x64
		{18DF0F43-1E51-3635-A4A9-563D87A87BFD}.RelWithDebInfo|x64.ActiveCfg = RelWithDebInfo|x64
		{18DF0F43-1E51-3635-A4A9-563D87A87BFD}.RelWithDebInfo|x64.Build.0 = RelWithDebInfo|x64
		{CBD11ADC-32E7-3626-A3ED-76ED971435F9}.Debug|x64.ActiveCfg = Debug|x64
		{CBD11ADC-32E7-3626-A3ED-76ED971435F9}.Debug|x64.Build.0 = Debug|x64
		{CBD11ADC-32E7-3626-A3ED-76ED971435F9}.Release|x64.ActiveCfg = Release|x64
		{CBD11ADC-32E7-3626-A3ED-76ED971435F9}.Release|x64.Build.0 = Release|x64
		{CBD11ADC-32E7-3626-A3ED-76ED971435F9}.MinSizeRel|x64.ActiveCfg = MinSizeRel|x64
		{CBD11ADC-32E7-3626-A3ED-76ED971435F9}.MinSizeRel|x64.Build.0 = MinSizeRel|x64
		{CBD11ADC-32E7-3626-A3ED-76ED971435F9}.RelWithDebInfo|x64.ActiveCfg = RelWithDebInfo|x64
		{CBD11ADC-32E7-3626-A3ED-76ED971435F9}.RelWithDebInfo|x64.Build.0 = RelWithDebInfo|x64
		{65F25917-4D51-30DE-B908-462326FF5DF1}.Debug|x64.ActiveCfg = Debug|x64
		{65F25917-4D51-30DE-B908-462326FF5DF1}.Debug|x64.Build.0 = Debug|x64
		{65F25917-4D51-30DE-B908-462326FF5DF1}.Release|x64.ActiveCfg = Release|x64
		{65F25917-4D51-30DE-B908-462326FF5DF1}.Release|x64.Build.0 = Release|x64
		{65F25917-4D51-30DE-B908-462326FF5DF1}.MinSizeRel|x64.ActiveCfg = MinSizeRel|x64
		{65F25917-4D51-30DE-B908-462326FF5DF1}.MinSizeRel|x64.Build.0 = MinSizeRel|x64
		{65F25917-4D51-30DE-B908-462326FF5DF1}.RelWithDebInfo|x64.ActiveCfg = RelWithDebInfo|x64
		{65F25917-4D51-30DE-B908-462326FF5DF1}.RelWithDebInfo|x64.Build.0 = RelWithDebInfo|x64
		{3438F01A-C038-3FD8-8165-544C6544911B}.Debug|x64.ActiveCfg = Debug|x64
		{3438F01A-C038-3FD8-8165-544C6544911B}.Debug|x64.Build.0 = Debug|x64
		{3438F01A-C038-3FD8-8165-544C6544911B}.Release|x64.ActiveCfg = Release|x64
		{3438F01A-C038-3FD8-8165-544C6544911B}.Release|x64.Build.0 = Release|x64
		{3438F01A-C038-3FD8-8165-544C6544911B}.MinSizeRel|x64.ActiveCfg = MinSizeRel|x64
		{3438F01A-C038-3FD8-8165-544C6544911B}.MinSizeRel|x64.Build.0 = MinSizeRel|x64
		{3438F01A-C038-3FD8-8165-544C6544911B}.RelWithDebInfo|x64.ActiveCfg = RelWithDebInfo|x64
		{3438F01A-C038-3FD8-8165-544C6544911B}.RelWithDebInfo|x64.Build.0 = RelWithDebInfo|x64
		{13C86107-B6F1-36D4-87D6-0249646341E3}.Debug|x64.ActiveCfg = Debug|x64
		{13C86107-B6F1-36D4-87D6-0249646341E3}.Debug|x64.Build.0 = Debug|x64
		{13C86107-B6F1-36D4-87D6-0249646341E3}.Release|x64.ActiveCfg = Release|x64
		{13C86107-B6F1-36D4-87D6-0249646341E3}.Release|x64.Build.0 = Release|x64
		{13C86107-B6F1-36D4-87D6-0249646341E3}.MinSizeRel|x64.ActiveCfg = MinSizeRel|x64
		{13C86107-B6F1-36D4-87D6-0249646341E3}.MinSizeRel|x64.Build.0 = MinSizeRel|x64
		{13C86107-B6F1-36D4-87D6-0249646341E3}.RelWithDebInfo|x64.ActiveCfg = RelWithDebInfo|x64
		{13C86107-B6F1-36D4-87D6-0249646341E3}.RelWithDebInfo|x64.Build.0 = RelWithDebInfo|x64
	EndGlobalSection
	GlobalSection(ExtensibilityGlobals) = postSolution
		SolutionGuid = {343C1AFB-818D-3A02-927D-58D40FA09D53}
	EndGlobalSection
	GlobalSection(ExtensibilityAddIns) = postSolution
	EndGlobalSection
EndGlobal
