<?xml version="1.0" encoding="utf-8"?>
<Project ToolsVersion="16.0" xmlns="http://schemas.microsoft.com/developer/msbuild/2003">
  <ItemGroup>
    <CustomBuild Include="C:\Users\aryan\OneDrive\Desktop\coding\PBL\Multi-Threaded-File-System-With-Cache-Management\benchmark\CMakeFiles\5630159446c52cfabee339b4c02d54a3\INSTALL_force.rule">
      <Filter>CMake Rules</Filter>
    </CustomBuild>
  </ItemGroup>
  <ItemGroup>
    <Filter Include="CMake Rules">
      <UniqueIdentifier>{A743C4C2-8B28-3022-BA04-24BB38B46EB2}</UniqueIdentifier>
    </Filter>
  </ItemGroup>
</Project>
